{
  "originHash" : "efa2e27276555ead9c46285a8725ccc90262bdef84ba5aebe58d6031d804e505",
  "pins" : [
    {
      "identity" : "fintechkids-modulo-domain-ios",
      "kind" : "remoteSourceControl",
      "location" : "https://github.com/leonodev/fintechKids-modulo-domain-ios.git",
      "state" : {
        "branch" : "main",
        "revision" : "1c5640f37e74f7a35810a55706bdaed46f95c857"
      }
    }
  ],
  "version" : 3
}
