// !$*UTF8*$!
{
	archiveVersion = 1;
	classes = {
	};
	objectVersion = 77;
	objects = {

/* Begin PBXBuildFile section */
		5D1101B62F02B06400F606E6 /* FHKInjections in Frameworks */ = {isa = PBXBuildFile; productRef = 5D1101B52F02B06400F606E6 /* FHKInjections */; };
/* End PBXBuildFile section */

/* Begin PBXContainerItemProxy section */
		5D1101982F02AFFB00F606E6 /* PBXContainerItemProxy */ = {
			isa = PBXContainerItemProxy;
			containerPortal = 5D1101822F02AFF900F606E6 /* Project object */;
			proxyType = 1;
			remoteGlobalIDString = 5D1101892F02AFF900F606E6;
			remoteInfo = FHKInjection;
		};
		5D1101A22F02AFFC00F606E6 /* PBXContainerItemProxy */ = {
			isa = PBXContainerItemProxy;
			containerPortal = 5D1101822F02AFF900F606E6 /* Project object */;
			proxyType = 1;
			remoteGlobalIDString = 5D1101892F02AFF900F606E6;
			remoteInfo = FHKInjection;
		};
/* End PBXContainerItemProxy section */

/* Begin PBXFileReference section */
		5D11018A2F02AFF900F606E6 /* FHKInjection.app */ = {isa = PBXFileReference; explicitFileType = wrapper.application; includeInIndex = 0; path = FHKInjection.app; sourceTree = BUILT_PRODUCTS_DIR; };
		5D1101972F02AFFB00F606E6 /* FHKInjectionTests.xctest */ = {isa = PBXFileReference; explicitFileType = wrapper.cfbundle; includeInIndex = 0; path = FHKInjectionTests.xctest; sourceTree = BUILT_PRODUCTS_DIR; };
		5D1101A12F02AFFC00F606E6 /* FHKInjectionUITests.xctest */ = {isa = PBXFileReference; explicitFileType = wrapper.cfbundle; includeInIndex = 0; path = FHKInjectionUITests.xctest; sourceTree = BUILT_PRODUCTS_DIR; };
/* End PBXFileReference section */

/* Begin PBXFileSystemSynchronizedRootGroup section */
		5D11018C2F02AFF900F606E6 /* FHKInjection */ = {
			isa = PBXFileSystemSynchronizedRootGroup;
			path = FHKInjection;
			sourceTree = "<group>";
		};
		5D11019A2F02AFFB00F606E6 /* FHKInjectionTests */ = {
			isa = PBXFileSystemSynchronizedRootGroup;
			path = FHKInjectionTests;
			sourceTree = "<group>";
		};
		5D1101A42F02AFFC00F606E6 /* FHKInjectionUITests */ = {
			isa = PBXFileSystemSynchronizedRootGroup;
			path = FHKInjectionUITests;
			sourceTree = "<group>";
		};
/* End PBXFileSystemSynchronizedRootGroup section */

/* Begin PBXFrameworksBuildPhase section */
		5D1101872F02AFF900F606E6 /* Frameworks */ = {
			isa = PBXFrameworksBuildPhase;
			buildActionMask = 2147483647;
			files = (
				5D1101B62F02B06400F606E6 /* FHKInjections in Frameworks */,
			);
			runOnlyForDeploymentPostprocessing = 0;
		};
		5D1101942F02AFFB00F606E6 /* Frameworks */ = {
			isa = PBXFrameworksBuildPhase;
			buildActionMask = 2147483647;
			files = (
			);
			runOnlyForDeploymentPostprocessing = 0;
		};
		5D11019E2F02AFFC00F606E6 /* Frameworks */ = {
			isa = PBXFrameworksBuildPhase;
			buildActionMask = 2147483647;
			files = (
			);
			runOnlyForDeploymentPostprocessing = 0;
		};
/* End PBXFrameworksBuildPhase section */

/* Begin PBXGroup section */
		5D1101812F02AFF900F606E6 = {
			isa = PBXGroup;
			children = (
				5D11018C2F02AFF900F606E6 /* FHKInjection */,
				5D11019A2F02AFFB00F606E6 /* FHKInjectionTests */,
				5D1101A42F02AFFC00F606E6 /* FHKInjectionUITests */,
				5D11018B2F02AFF900F606E6 /* Products */,
			);
			sourceTree = "<group>";
		};
		5D11018B2F02AFF900F606E6 /* Products */ = {
			isa = PBXGroup;
			children = (
				5D11018A2F02AFF900F606E6 /* FHKInjection.app */,
				5D1101972F02AFFB00F606E6 /* FHKInjectionTests.xctest */,
				5D1101A12F02AFFC00F606E6 /* FHKInjectionUITests.xctest */,
			);
			name = Products;
			sourceTree = "<group>";
		};
/* End PBXGroup section */

/* Begin PBXNativeTarget section */
		5D1101892F02AFF900F606E6 /* FHKInjection */ = {
			isa = PBXNativeTarget;
			buildConfigurationList = 5D1101AB2F02AFFC00F606E6 /* Build configuration list for PBXNativeTarget "FHKInjection" */;
			buildPhases = (
				5D1101862F02AFF900F606E6 /* Sources */,
				5D1101872F02AFF900F606E6 /* Frameworks */,
				5D1101882F02AFF900F606E6 /* Resources */,
			);
			buildRules = (
			);
			dependencies = (
			);
			fileSystemSynchronizedGroups = (
				5D11018C2F02AFF900F606E6 /* FHKInjection */,
			);
			name = FHKInjection;
			packageProductDependencies = (
				5D1101B52F02B06400F606E6 /* FHKInjections */,
			);
			productName = FHKInjection;
			productReference = 5D11018A2F02AFF900F606E6 /* FHKInjection.app */;
			productType = "com.apple.product-type.application";
		};
		5D1101962F02AFFB00F606E6 /* FHKInjectionTests */ = {
			isa = PBXNativeTarget;
			buildConfigurationList = 5D1101AE2F02AFFC00F606E6 /* Build configuration list for PBXNativeTarget "FHKInjectionTests" */;
			buildPhases = (
				5D1101932F02AFFB00F606E6 /* Sources */,
				5D1101942F02AFFB00F606E6 /* Frameworks */,
				5D1101952F02AFFB00F606E6 /* Resources */,
			);
			buildRules = (
			);
			dependencies = (
				5D1101992F02AFFB00F606E6 /* PBXTargetDependency */,
			);
			fileSystemSynchronizedGroups = (
				5D11019A2F02AFFB00F606E6 /* FHKInjectionTests */,
			);
			name = FHKInjectionTests;
			packageProductDependencies = (
			);
			productName = FHKInjectionTests;
			productReference = 5D1101972F02AFFB00F606E6 /* FHKInjectionTests.xctest */;
			productType = "com.apple.product-type.bundle.unit-test";
		};
		5D1101A02F02AFFC00F606E6 /* FHKInjectionUITests */ = {
			isa = PBXNativeTarget;
			buildConfigurationList = 5D1101B12F02AFFC00F606E6 /* Build configuration list for PBXNativeTarget "FHKInjectionUITests" */;
			buildPhases = (
				5D11019D2F02AFFC00F606E6 /* Sources */,
				5D11019E2F02AFFC00F606E6 /* Frameworks */,
				5D11019F2F02AFFC00F606E6 /* Resources */,
			);
			buildRules = (
			);
			dependencies = (
				5D1101A32F02AFFC00F606E6 /* PBXTargetDependency */,
			);
			fileSystemSynchronizedGroups = (
				5D1101A42F02AFFC00F606E6 /* FHKInjectionUITests */,
			);
			name = FHKInjectionUITests;
			packageProductDependencies = (
			);
			productName = FHKInjectionUITests;
			productReference = 5D1101A12F02AFFC00F606E6 /* FHKInjectionUITests.xctest */;
			productType = "com.apple.product-type.bundle.ui-testing";
		};
/* End PBXNativeTarget section */

/* Begin PBXProject section */
		5D1101822F02AFF900F606E6 /* Project object */ = {
			isa = PBXProject;
			attributes = {
				BuildIndependentTargetsInParallel = 1;
				LastSwiftUpdateCheck = 2610;
				LastUpgradeCheck = 2610;
				TargetAttributes = {
					5D1101892F02AFF900F606E6 = {
						CreatedOnToolsVersion = 26.1;
					};
					5D1101962F02AFFB00F606E6 = {
						CreatedOnToolsVersion = 26.1;
						TestTargetID = 5D1101892F02AFF900F606E6;
					};
					5D1101A02F02AFFC00F606E6 = {
						CreatedOnToolsVersion = 26.1;
						TestTargetID = 5D1101892F02AFF900F606E6;
					};
				};
			};
			buildConfigurationList = 5D1101852F02AFF900F606E6 /* Build configuration list for PBXProject "FHKInjection" */;
			developmentRegion = en;
			hasScannedForEncodings = 0;
			knownRegions = (
				en,
				Base,
			);
			mainGroup = 5D1101812F02AFF900F606E6;
			minimizedProjectReferenceProxies = 1;
			packageReferences = (
				5D1101B42F02B06400F606E6 /* XCLocalSwiftPackageReference "../../../FHKInjection" */,
			);
			preferredProjectObjectVersion = 77;
			productRefGroup = 5D11018B2F02AFF900F606E6 /* Products */;
			projectDirPath = "";
			projectRoot = "";
			targets = (
				5D1101892F02AFF900F606E6 /* FHKInjection */,
				5D1101962F02AFFB00F606E6 /* FHKInjectionTests */,
				5D1101A02F02AFFC00F606E6 /* FHKInjectionUITests */,
			);
		};
/* End PBXProject section */

/* Begin PBXResourcesBuildPhase section */
		5D1101882F02AFF900F606E6 /* Resources */ = {
			isa = PBXResourcesBuildPhase;
			buildActionMask = 2147483647;
			files = (
			);
			runOnlyForDeploymentPostprocessing = 0;
		};
		5D1101952F02AFFB00F606E6 /* Resources */ = {
			isa = PBXResourcesBuildPhase;
			buildActionMask = 2147483647;
			files = (
			);
			runOnlyForDeploymentPostprocessing = 0;
		};
		5D11019F2F02AFFC00F606E6 /* Resources */ = {
			isa = PBXResourcesBuildPhase;
			buildActionMask = 2147483647;
			files = (
			);
			runOnlyForDeploymentPostprocessing = 0;
		};
/* End PBXResourcesBuildPhase section */

/* Begin PBXSourcesBuildPhase section */
		5D1101862F02AFF900F606E6 /* Sources */ = {
			isa = PBXSourcesBuildPhase;
			buildActionMask = 2147483647;
			files = (
			);
			runOnlyForDeploymentPostprocessing = 0;
		};
		5D1101932F02AFFB00F606E6 /* Sources */ = {
			isa = PBXSourcesBuildPhase;
			buildActionMask = 2147483647;
			files = (
			);
			runOnlyForDeploymentPostprocessing = 0;
		};
		5D11019D2F02AFFC00F606E6 /* Sources */ = {
			isa = PBXSourcesBuildPhase;
			buildActionMask = 2147483647;
			files = (
			);
			runOnlyForDeploymentPostprocessing = 0;
		};
/* End PBXSourcesBuildPhase section */

/* Begin PBXTargetDependency section */
		5D1101992F02AFFB00F606E6 /* PBXTargetDependency */ = {
			isa = PBXTargetDependency;
			target = 5D1101892F02AFF900F606E6 /* FHKInjection */;
			targetProxy = 5D1101982F02AFFB00F606E6 /* PBXContainerItemProxy */;
		};
		5D1101A32F02AFFC00F606E6 /* PBXTargetDependency */ = {
			isa = PBXTargetDependency;
			target = 5D1101892F02AFF900F606E6 /* FHKInjection */;
			targetProxy = 5D1101A22F02AFFC00F606E6 /* PBXContainerItemProxy */;
		};
/* End PBXTargetDependency section */

/* Begin XCBuildConfiguration section */
		5D1101A92F02AFFC00F606E6 /* Debug */ = {
			isa = XCBuildConfiguration;
			buildSettings = {
				ALWAYS_SEARCH_USER_PATHS = NO;
				ASSETCATALOG_COMPILER_GENERATE_SWIFT_ASSET_SYMBOL_EXTENSIONS = YES;
				CLANG_ANALYZER_NONNULL = YES;
				CLANG_ANALYZER_NUMBER_OBJECT_CONVERSION = YES_AGGRESSIVE;
				CLANG_CXX_LANGUAGE_STANDARD = "gnu++20";
				CLANG_ENABLE_MODULES = YES;
				CLANG_ENABLE_OBJC_ARC = YES;
				CLANG_ENABLE_OBJC_WEAK = YES;
				CLANG_WARN_BLOCK_CAPTURE_AUTORELEASING = YES;
				CLANG_WARN_BOOL_CONVERSION = YES;
				CLANG_WARN_COMMA = YES;
				CLANG_WARN_CONSTANT_CONVERSION = YES;
				CLANG_WARN_DEPRECATED_OBJC_IMPLEMENTATIONS = YES;
				CLANG_WARN_DIRECT_OBJC_ISA_USAGE = YES_ERROR;
				CLANG_WARN_DOCUMENTATION_COMMENTS = YES;
				CLANG_WARN_EMPTY_BODY = YES;
				CLANG_WARN_ENUM_CONVERSION = YES;
				CLANG_WARN_INFINITE_RECURSION = YES;
				CLANG_WARN_INT_CONVERSION = YES;
				CLANG_WARN_NON_LITERAL_NULL_CONVERSION = YES;
				CLANG_WARN_OBJC_IMPLICIT_RETAIN_SELF = YES;
				CLANG_WARN_OBJC_LITERAL_CONVERSION = YES;
				CLANG_WARN_OBJC_ROOT_CLASS = YES_ERROR;
				CLANG_WARN_QUOTED_INCLUDE_IN_FRAMEWORK_HEADER = YES;
				CLANG_WARN_RANGE_LOOP_ANALYSIS = YES;
				CLANG_WARN_STRICT_PROTOTYPES = YES;
				CLANG_WARN_SUSPICIOUS_MOVE = YES;
				CLANG_WARN_UNGUARDED_AVAILABILITY = YES_AGGRESSIVE;
				CLANG_WARN_UNREACHABLE_CODE = YES;
				CLANG_WARN__DUPLICATE_METHOD_MATCH = YES;
				COPY_PHASE_STRIP = NO;
				DEBUG_INFORMATION_FORMAT = dwarf;
				DEVELOPMENT_TEAM = TZ6ZTCG253;
				ENABLE_STRICT_OBJC_MSGSEND = YES;
				ENABLE_TESTABILITY = YES;
				ENABLE_USER_SCRIPT_SANDBOXING = YES;
				GCC_C_LANGUAGE_STANDARD = gnu17;
				GCC_DYNAMIC_NO_PIC = NO;
				GCC_NO_COMMON_BLOCKS = YES;
				GCC_OPTIMIZATION_LEVEL = 0;
				GCC_PREPROCESSOR_DEFINITIONS = (
					"DEBUG=1",
					"$(inherited)",
				);
				GCC_WARN_64_TO_32_BIT_CONVERSION = YES;
				GCC_WARN_ABOUT_RETURN_TYPE = YES_ERROR;
				GCC_WARN_UNDECLARED_SELECTOR = YES;
				GCC_WARN_UNINITIALIZED_AUTOS = YES_AGGRESSIVE;
				GCC_WARN_UNUSED_FUNCTION = YES;
				GCC_WARN_UNUSED_VARIABLE = YES;
				IPHONEOS_DEPLOYMENT_TARGET = 26.1;
				LOCALIZATION_PREFERS_STRING_CATALOGS = YES;
				MTL_ENABLE_DEBUG_INFO = INCLUDE_SOURCE;
				MTL_FAST_MATH = YES;
				ONLY_ACTIVE_ARCH = YES;
				SDKROOT = iphoneos;
				SWIFT_ACTIVE_COMPILATION_CONDITIONS = "DEBUG $(inherited)";
				SWIFT_OPTIMIZATION_LEVEL = "-Onone";
			};
			name = Debug;
		};
		5D1101AA2F02AFFC00F606E6 /* Release */ = {
			isa = XCBuildConfiguration;
			buildSettings = {
				ALWAYS_SEARCH_USER_PATHS = NO;
				ASSETCATALOG_COMPILER_GENERATE_SWIFT_ASSET_SYMBOL_EXTENSIONS = YES;
				CLANG_ANALYZER_NONNULL = YES;
				CLANG_ANALYZER_NUMBER_OBJECT_CONVERSION = YES_AGGRESSIVE;
				CLANG_CXX_LANGUAGE_STANDARD = "gnu++20";
				CLANG_ENABLE_MODULES = YES;
				CLANG_ENABLE_OBJC_ARC = YES;
				CLANG_ENABLE_OBJC_WEAK = YES;
				CLANG_WARN_BLOCK_CAPTURE_AUTORELEASING = YES;
				CLANG_WARN_BOOL_CONVERSION = YES;
				CLANG_WARN_COMMA = YES;
				CLANG_WARN_CONSTANT_CONVERSION = YES;
				CLANG_WARN_DEPRECATED_OBJC_IMPLEMENTATIONS = YES;
				CLANG_WARN_DIRECT_OBJC_ISA_USAGE = YES_ERROR;
				CLANG_WARN_DOCUMENTATION_COMMENTS = YES;
				CLANG_WARN_EMPTY_BODY = YES;
				CLANG_WARN_ENUM_CONVERSION = YES;
				CLANG_WARN_INFINITE_RECURSION = YES;
				CLANG_WARN_INT_CONVERSION = YES;
				CLANG_WARN_NON_LITERAL_NULL_CONVERSION = YES;
				CLANG_WARN_OBJC_IMPLICIT_RETAIN_SELF = YES;
				CLANG_WARN_OBJC_LITERAL_CONVERSION = YES;
				CLANG_WARN_OBJC_ROOT_CLASS = YES_ERROR;
				CLANG_WARN_QUOTED_INCLUDE_IN_FRAMEWORK_HEADER = YES;
				CLANG_WARN_RANGE_LOOP_ANALYSIS = YES;
				CLANG_WARN_STRICT_PROTOTYPES = YES;
				CLANG_WARN_SUSPICIOUS_MOVE = YES;
				CLANG_WARN_UNGUARDED_AVAILABILITY = YES_AGGRESSIVE;
				CLANG_WARN_UNREACHABLE_CODE = YES;
				CLANG_WARN__DUPLICATE_METHOD_MATCH = YES;
				COPY_PHASE_STRIP = NO;
				DEBUG_INFORMATION_FORMAT = "dwarf-with-dsym";
				DEVELOPMENT_TEAM = TZ6ZTCG253;
				ENABLE_NS_ASSERTIONS = NO;
				ENABLE_STRICT_OBJC_MSGSEND = YES;
				ENABLE_USER_SCRIPT_SANDBOXING = YES;
				GCC_C_LANGUAGE_STANDARD = gnu17;
				GCC_NO_COMMON_BLOCKS = YES;
				GCC_WARN_64_TO_32_BIT_CONVERSION = YES;
				GCC_WARN_ABOUT_RETURN_TYPE = YES_ERROR;
				GCC_WARN_UNDECLARED_SELECTOR = YES;
				GCC_WARN_UNINITIALIZED_AUTOS = YES_AGGRESSIVE;
				GCC_WARN_UNUSED_FUNCTION = YES;
				GCC_WARN_UNUSED_VARIABLE = YES;
				IPHONEOS_DEPLOYMENT_TARGET = 26.1;
				LOCALIZATION_PREFERS_STRING_CATALOGS = YES;
				MTL_ENABLE_DEBUG_INFO = NO;
				MTL_FAST_MATH = YES;
				SDKROOT = iphoneos;
				SWIFT_COMPILATION_MODE = wholemodule;
				VALIDATE_PRODUCT = YES;
			};
			name = Release;
		};
		5D1101AC2F02AFFC00F606E6 /* Debug */ = {
			isa = XCBuildConfiguration;
			buildSettings = {
				ASSETCATALOG_COMPILER_APPICON_NAME = AppIcon;
				ASSETCATALOG_COMPILER_GLOBAL_ACCENT_COLOR_NAME = AccentColor;
				CODE_SIGN_STYLE = Automatic;
				CURRENT_PROJECT_VERSION = 1;
				DEVELOPMENT_TEAM = TZ6ZTCG253;
				ENABLE_PREVIEWS = YES;
				GENERATE_INFOPLIST_FILE = YES;
				INFOPLIST_KEY_UIApplicationSceneManifest_Generation = YES;
				INFOPLIST_KEY_UIApplicationSupportsIndirectInputEvents = YES;
				INFOPLIST_KEY_UILaunchScreen_Generation = YES;
				INFOPLIST_KEY_UISupportedInterfaceOrientations_iPad = "UIInterfaceOrientationPortrait UIInterfaceOrientationPortraitUpsideDown UIInterfaceOrientationLandscapeLeft UIInterfaceOrientationLandscapeRight";
				INFOPLIST_KEY_UISupportedInterfaceOrientations_iPhone = "UIInterfaceOrientationPortrait UIInterfaceOrientationLandscapeLeft UIInterfaceOrientationLandscapeRight";
				LD_RUNPATH_SEARCH_PATHS = (
					"$(inherited)",
					"@executable_path/Frameworks",
				);
				MARKETING_VERSION = 1.0;
				PRODUCT_BUNDLE_IDENTIFIER = com.fleon.fintechids.FHKInjection;
				PRODUCT_NAME = "$(TARGET_NAME)";
				STRING_CATALOG_GENERATE_SYMBOLS = YES;
				SWIFT_APPROACHABLE_CONCURRENCY = YES;
				SWIFT_DEFAULT_ACTOR_ISOLATION = MainActor;
				SWIFT_EMIT_LOC_STRINGS = YES;
				SWIFT_UPCOMING_FEATURE_MEMBER_IMPORT_VISIBILITY = YES;
				SWIFT_VERSION = 5.0;
				TARGETED_DEVICE_FAMILY = "1,2";
			};
			name = Debug;
		};
		5D1101AD2F02AFFC00F606E6 /* Release */ = {
			isa = XCBuildConfiguration;
			buildSettings = {
				ASSETCATALOG_COMPILER_APPICON_NAME = AppIcon;
				ASSETCATALOG_COMPILER_GLOBAL_ACCENT_COLOR_NAME = AccentColor;
				CODE_SIGN_STYLE = Automatic;
				CURRENT_PROJECT_VERSION = 1;
				DEVELOPMENT_TEAM = TZ6ZTCG253;
				ENABLE_PREVIEWS = YES;
				GENERATE_INFOPLIST_FILE = YES;
				INFOPLIST_KEY_UIApplicationSceneManifest_Generation = YES;
				INFOPLIST_KEY_UIApplicationSupportsIndirectInputEvents = YES;
				INFOPLIST_KEY_UILaunchScreen_Generation = YES;
				INFOPLIST_KEY_UISupportedInterfaceOrientations_iPad = "UIInterfaceOrientationPortrait UIInterfaceOrientationPortraitUpsideDown UIInterfaceOrientationLandscapeLeft UIInterfaceOrientationLandscapeRight";
				INFOPLIST_KEY_UISupportedInterfaceOrientations_iPhone = "UIInterfaceOrientationPortrait UIInterfaceOrientationLandscapeLeft UIInterfaceOrientationLandscapeRight";
				LD_RUNPATH_SEARCH_PATHS = (
					"$(inherited)",
					"@executable_path/Frameworks",
				);
				MARKETING_VERSION = 1.0;
				PRODUCT_BUNDLE_IDENTIFIER = com.fleon.fintechids.FHKInjection;
				PRODUCT_NAME = "$(TARGET_NAME)";
				STRING_CATALOG_GENERATE_SYMBOLS = YES;
				SWIFT_APPROACHABLE_CONCURRENCY = YES;
				SWIFT_DEFAULT_ACTOR_ISOLATION = MainActor;
				SWIFT_EMIT_LOC_STRINGS = YES;
				SWIFT_UPCOMING_FEATURE_MEMBER_IMPORT_VISIBILITY = YES;
				SWIFT_VERSION = 5.0;
				TARGETED_DEVICE_FAMILY = "1,2";
			};
			name = Release;
		};
		5D1101AF2F02AFFC00F606E6 /* Debug */ = {
			isa = XCBuildConfiguration;
			buildSettings = {
				BUNDLE_LOADER = "$(TEST_HOST)";
				CODE_SIGN_STYLE = Automatic;
				CURRENT_PROJECT_VERSION = 1;
				DEVELOPMENT_TEAM = TZ6ZTCG253;
				GENERATE_INFOPLIST_FILE = YES;
				IPHONEOS_DEPLOYMENT_TARGET = 26.1;
				MARKETING_VERSION = 1.0;
				PRODUCT_BUNDLE_IDENTIFIER = com.fleon.fintechids.FHKInjectionTests;
				PRODUCT_NAME = "$(TARGET_NAME)";
				STRING_CATALOG_GENERATE_SYMBOLS = NO;
				SWIFT_APPROACHABLE_CONCURRENCY = YES;
				SWIFT_EMIT_LOC_STRINGS = NO;
				SWIFT_UPCOMING_FEATURE_MEMBER_IMPORT_VISIBILITY = YES;
				SWIFT_VERSION = 5.0;
				TARGETED_DEVICE_FAMILY = "1,2";
				TEST_HOST = "$(BUILT_PRODUCTS_DIR)/FHKInjection.app/$(BUNDLE_EXECUTABLE_FOLDER_PATH)/FHKInjection";
			};
			name = Debug;
		};
		5D1101B02F02AFFC00F606E6 /* Release */ = {
			isa = XCBuildConfiguration;
			buildSettings = {
				BUNDLE_LOADER = "$(TEST_HOST)";
				CODE_SIGN_STYLE = Automatic;
				CURRENT_PROJECT_VERSION = 1;
				DEVELOPMENT_TEAM = TZ6ZTCG253;
				GENERATE_INFOPLIST_FILE = YES;
				IPHONEOS_DEPLOYMENT_TARGET = 26.1;
				MARKETING_VERSION = 1.0;
				PRODUCT_BUNDLE_IDENTIFIER = com.fleon.fintechids.FHKInjectionTests;
				PRODUCT_NAME = "$(TARGET_NAME)";
				STRING_CATALOG_GENERATE_SYMBOLS = NO;
				SWIFT_APPROACHABLE_CONCURRENCY = YES;
				SWIFT_EMIT_LOC_STRINGS = NO;
				SWIFT_UPCOMING_FEATURE_MEMBER_IMPORT_VISIBILITY = YES;
				SWIFT_VERSION = 5.0;
				TARGETED_DEVICE_FAMILY = "1,2";
				TEST_HOST = "$(BUILT_PRODUCTS_DIR)/FHKInjection.app/$(BUNDLE_EXECUTABLE_FOLDER_PATH)/FHKInjection";
			};
			name = Release;
		};
		5D1101B22F02AFFC00F606E6 /* Debug */ = {
			isa = XCBuildConfiguration;
			buildSettings = {
				CODE_SIGN_STYLE = Automatic;
				CURRENT_PROJECT_VERSION = 1;
				DEVELOPMENT_TEAM = TZ6ZTCG253;
				GENERATE_INFOPLIST_FILE = YES;
				MARKETING_VERSION = 1.0;
				PRODUCT_BUNDLE_IDENTIFIER = com.fleon.fintechids.FHKInjectionUITests;
				PRODUCT_NAME = "$(TARGET_NAME)";
				STRING_CATALOG_GENERATE_SYMBOLS = NO;
				SWIFT_APPROACHABLE_CONCURRENCY = YES;
				SWIFT_EMIT_LOC_STRINGS = NO;
				SWIFT_UPCOMING_FEATURE_MEMBER_IMPORT_VISIBILITY = YES;
				SWIFT_VERSION = 5.0;
				TARGETED_DEVICE_FAMILY = "1,2";
				TEST_TARGET_NAME = FHKInjection;
			};
			name = Debug;
		};
		5D1101B32F02AFFC00F606E6 /* Release */ = {
			isa = XCBuildConfiguration;
			buildSettings = {
				CODE_SIGN_STYLE = Automatic;
				CURRENT_PROJECT_VERSION = 1;
				DEVELOPMENT_TEAM = TZ6ZTCG253;
				GENERATE_INFOPLIST_FILE = YES;
				MARKETING_VERSION = 1.0;
				PRODUCT_BUNDLE_IDENTIFIER = com.fleon.fintechids.FHKInjectionUITests;
				PRODUCT_NAME = "$(TARGET_NAME)";
				STRING_CATALOG_GENERATE_SYMBOLS = NO;
				SWIFT_APPROACHABLE_CONCURRENCY = YES;
				SWIFT_EMIT_LOC_STRINGS = NO;
				SWIFT_UPCOMING_FEATURE_MEMBER_IMPORT_VISIBILITY = YES;
				SWIFT_VERSION = 5.0;
				TARGETED_DEVICE_FAMILY = "1,2";
				TEST_TARGET_NAME = FHKInjection;
			};
			name = Release;
		};
/* End XCBuildConfiguration section */

/* Begin XCConfigurationList section */
		5D1101852F02AFF900F606E6 /* Build configuration list for PBXProject "FHKInjection" */ = {
			isa = XCConfigurationList;
			buildConfigurations = (
				5D1101A92F02AFFC00F606E6 /* Debug */,
				5D1101AA2F02AFFC00F606E6 /* Release */,
			);
			defaultConfigurationIsVisible = 0;
			defaultConfigurationName = Release;
		};
		5D1101AB2F02AFFC00F606E6 /* Build configuration list for PBXNativeTarget "FHKInjection" */ = {
			isa = XCConfigurationList;
			buildConfigurations = (
				5D1101AC2F02AFFC00F606E6 /* Debug */,
				5D1101AD2F02AFFC00F606E6 /* Release */,
			);
			defaultConfigurationIsVisible = 0;
			defaultConfigurationName = Release;
		};
		5D1101AE2F02AFFC00F606E6 /* Build configuration list for PBXNativeTarget "FHKInjectionTests" */ = {
			isa = XCConfigurationList;
			buildConfigurations = (
				5D1101AF2F02AFFC00F606E6 /* Debug */,
				5D1101B02F02AFFC00F606E6 /* Release */,
			);
			defaultConfigurationIsVisible = 0;
			defaultConfigurationName = Release;
		};
		5D1101B12F02AFFC00F606E6 /* Build configuration list for PBXNativeTarget "FHKInjectionUITests" */ = {
			isa = XCConfigurationList;
			buildConfigurations = (
				5D1101B22F02AFFC00F606E6 /* Debug */,
				5D1101B32F02AFFC00F606E6 /* Release */,
			);
			defaultConfigurationIsVisible = 0;
			defaultConfigurationName = Release;
		};
/* End XCConfigurationList section */

/* Begin XCLocalSwiftPackageReference section */
		5D1101B42F02B06400F606E6 /* XCLocalSwiftPackageReference "../../../FHKInjection" */ = {
			isa = XCLocalSwiftPackageReference;
			relativePath = ../../../FHKInjection;
		};
/* End XCLocalSwiftPackageReference section */

/* Begin XCSwiftPackageProductDependency section */
		5D1101B52F02B06400F606E6 /* FHKInjections */ = {
			isa = XCSwiftPackageProductDependency;
			productName = FHKInjections;
		};
/* End XCSwiftPackageProductDependency section */
	};
	rootObject = 5D1101822F02AFF900F606E6 /* Project object */;
}
