{
  "originHash" : "55984905dbfb3e7baf15d5830b44bf72de6266b4cdf5a31696b1f81309d6669c",
  "pins" : [
    {
      "identity" : "fintechkids-modulo-storage-ios",
      "kind" : "remoteSourceControl",
      "location" : "https://github.com/leonodev/fintechKids-modulo-storage-ios.git",
      "state" : {
        "branch" : "main",
        "revision" : "db3aa94ece3e00ad361bc79a990849cba2472d02"
      }
    },
    {
      "identity" : "fintechkids-modulo-utils-ios",
      "kind" : "remoteSourceControl",
      "location" : "https://github.com/leonodev/fintechKids-modulo-utils-ios.git",
      "state" : {
        "revision" : "133c1e36451b4a01de243388def3f0df30ffe79c",
        "version" : "1.0.2"
      }
    }
  ],
  "version" : 3
}
